
Microsoft Visual Studio Solution File, Format Version 12.00
# Visual Studio Version 18
VisualStudioVersion = 18.4.11612.150 stable
MinimumVisualStudioVersion = 10.0.40219.1
Project("{FAE04EC0-301F-11D3-BF4B-00C04F79EFBC}") = "VoltigeCore", "VoltigeCore.csproj", "{517B4C8C-161F-EF1F-FCE6-A00AAA956857}"
EndProject
Global
	GlobalSection(SolutionConfigurationPlatforms) = preSolution
		Debug|Any CPU = Debug|Any CPU
		Release|Any CPU = Release|Any CPU
	EndGlobalSection
	GlobalSection(ProjectConfigurationPlatforms) = postSolution
		{517B4C8C-161F-EF1F-FCE6-A00AAA956857}.Debug|Any CPU.ActiveCfg = Debug|Any CPU
		{517B4C8C-161F-EF1F-FCE6-A00AAA956857}.Debug|Any CPU.Build.0 = Debug|Any CPU
		{517B4C8C-161F-EF1F-FCE6-A00AAA956857}.Release|Any CPU.ActiveCfg = Release|Any CPU
		{517B4C8C-161F-EF1F-FCE6-A00AAA956857}.Release|Any CPU.Build.0 = Release|Any CPU
	EndGlobalSection
	GlobalSection(SolutionProperties) = preSolution
		HideSolutionNode = FALSE
	EndGlobalSection
	GlobalSection(ExtensibilityGlobals) = postSolution
		SolutionGuid = {2B268CC4-9279-4B41-A502-F514FBBA2518}
	EndGlobalSection
EndGlobal
